
Microsoft Visual Studio Solution File, Format Version 12.00
# Visual Studio Version 17
VisualStudioVersion = 17.7.34024.191
MinimumVisualStudioVersion = 10.0.40219.1
Project("{FAE04EC0-301F-11D3-BF4B-00C04F79EFBC}") = "DynamicGamemodes", "DynamicGamemodes.csproj", "{0C998A25-C3B4-4A91-BCD2-CE5ABC039D09}"
EndProject
Global
	GlobalSection(SolutionConfigurationPlatforms) = preSolution
		Debug|Any CPU = Debug|Any CPU
		Release|Any CPU = Release|Any CPU
	EndGlobalSection
	GlobalSection(ProjectConfigurationPlatforms) = postSolution
		{0C998A25-C3B4-4A91-BCD2-CE5ABC039D09}.Debug|Any CPU.ActiveCfg = Debug|Any CPU
		{0C998A25-C3B4-4A91-BCD2-CE5ABC039D09}.Debug|Any CPU.Build.0 = Debug|Any CPU
		{0C998A25-C3B4-4A91-BCD2-CE5ABC039D09}.Release|Any CPU.ActiveCfg = Release|Any CPU
		{0C998A25-C3B4-4A91-BCD2-CE5ABC039D09}.Release|Any CPU.Build.0 = Release|Any CPU
	EndGlobalSection
	GlobalSection(SolutionProperties) = preSolution
		HideSolutionNode = FALSE
	EndGlobalSection
	GlobalSection(ExtensibilityGlobals) = postSolution
		SolutionGuid = {7160107D-4614-4E91-9BB4-042E59E2A6BB}
	EndGlobalSection
EndGlobal
